// !$*UTF8*$!
{
	archiveVersion = 1;
	classes = {
	};
	objectVersion = 46;
	objects = {

/* Begin PBXBuildFile section */
		64FCBAFD190D3B6E00880157 /* Foundation.framework in Frameworks */ = {isa = PBXBuildFile; fileRef = 64FCBAFC190D3B6E00880157 /* Foundation.framework */; };
		64FCBAFF190D3B6E00880157 /* CoreGraphics.framework in Frameworks */ = {isa = PBXBuildFile; fileRef = 64FCBAFE190D3B6E00880157 /* CoreGraphics.framework */; };
		64FCBB01190D3B6E00880157 /* UIKit.framework in Frameworks */ = {isa = PBXBuildFile; fileRef = 64FCBB00190D3B6E00880157 /* UIKit.framework */; };
		64FCBB07190D3B6E00880157 /* InfoPlist.strings in Resources */ = {isa = PBXBuildFile; fileRef = 64FCBB05190D3B6E00880157 /* InfoPlist.strings */; };
		64FCBB09190D3B6E00880157 /* main.m in Sources */ = {isa = PBXBuildFile; fileRef = 64FCBB08190D3B6E00880157 /* main.m */; };
		64FCBB0D190D3B6E00880157 /* AppDelegate.m in Sources */ = {isa = PBXBuildFile; fileRef = 64FCBB0C190D3B6E00880157 /* AppDelegate.m */; };
		64FCBB0F190D3B6E00880157 /* Images.xcassets in Resources */ = {isa = PBXBuildFile; fileRef = 64FCBB0E190D3B6E00880157 /* Images.xcassets */; };
		64FCBB16190D3B6F00880157 /* XCTest.framework in Frameworks */ = {isa = PBXBuildFile; fileRef = 64FCBB15190D3B6F00880157 /* XCTest.framework */; };
		64FCBB17190D3B6F00880157 /* Foundation.framework in Frameworks */ = {isa = PBXBuildFile; fileRef = 64FCBAFC190D3B6E00880157 /* Foundation.framework */; };
		64FCBB18190D3B6F00880157 /* UIKit.framework in Frameworks */ = {isa = PBXBuildFile; fileRef = 64FCBB00190D3B6E00880157 /* UIKit.framework */; };
		64FCBB20190D3B6F00880157 /* InfoPlist.strings in Resources */ = {isa = PBXBuildFile; fileRef = 64FCBB1E190D3B6F00880157 /* InfoPlist.strings */; };
		64FCBB22190D3B6F00880157 /* ToDoListTests.m in Sources */ = {isa = PBXBuildFile; fileRef = 64FCBB21190D3B6F00880157 /* ToDoListTests.m */; };
/* End PBXBuildFile section */

/* Begin PBXContainerItemProxy section */
		64FCBB19190D3B6F00880157 /* PBXContainerItemProxy */ = {
			isa = PBXContainerItemProxy;
			containerPortal = 64FCBAF1190D3B6D00880157 /* Project object */;
			proxyType = 1;
			remoteGlobalIDString = 64FCBAF8190D3B6D00880157;
			remoteInfo = ToDoList;
		};
/* End PBXContainerItemProxy section */

/* Begin PBXFileReference section */
		64FCBAF9190D3B6E00880157 /* ToDoList.app */ = {isa = PBXFileReference; explicitFileType = wrapper.application; includeInIndex = 0; path = ToDoList.app; sourceTree = BUILT_PRODUCTS_DIR; };
		64FCBAFC190D3B6E00880157 /* Foundation.framework */ = {isa = PBXFileReference; lastKnownFileType = wrapper.framework; name = Foundation.framework; path = System/Library/Frameworks/Foundation.framework; sourceTree = SDKROOT; };
		64FCBAFE190D3B6E00880157 /* CoreGraphics.framework */ = {isa = PBXFileReference; lastKnownFileType = wrapper.framework; name = CoreGraphics.framework; path = System/Library/Frameworks/CoreGraphics.framework; sourceTree = SDKROOT; };
		64FCBB00190D3B6E00880157 /* UIKit.framework */ = {isa = PBXFileReference; lastKnownFileType = wrapper.framework; name = UIKit.framework; path = System/Library/Frameworks/UIKit.framework; sourceTree = SDKROOT; };
		64FCBB04190D3B6E00880157 /* ToDoList-Info.plist */ = {isa = PBXFileReference; lastKnownFileType = text.plist.xml; path = "ToDoList-Info.plist"; sourceTree = "<group>"; };
		64FCBB06190D3B6E00880157 /* en */ = {isa = PBXFileReference; lastKnownFileType = text.plist.strings; name = en; path = en.lproj/InfoPlist.strings; sourceTree = "<group>"; };
		64FCBB08190D3B6E00880157 /* main.m */ = {isa = PBXFileReference; lastKnownFileType = sourcecode.c.objc; path = main.m; sourceTree = "<group>"; };
		64FCBB0A190D3B6E00880157 /* ToDoList-Prefix.pch */ = {isa = PBXFileReference; lastKnownFileType = sourcecode.c.h; path = "ToDoList-Prefix.pch"; sourceTree = "<group>"; };
		64FCBB0B190D3B6E00880157 /* AppDelegate.h */ = {isa = PBXFileReference; lastKnownFileType = sourcecode.c.h; path = AppDelegate.h; sourceTree = "<group>"; };
		64FCBB0C190D3B6E00880157 /* AppDelegate.m */ = {isa = PBXFileReference; lastKnownFileType = sourcecode.c.objc; path = AppDelegate.m; sourceTree = "<group>"; };
		64FCBB0E190D3B6E00880157 /* Images.xcassets */ = {isa = PBXFileReference; lastKnownFileType = folder.assetcatalog; path = Images.xcassets; sourceTree = "<group>"; };
		64FCBB14190D3B6F00880157 /* ToDoListTests.xctest */ = {isa = PBXFileReference; explicitFileType = wrapper.cfbundle; includeInIndex = 0; path = ToDoListTests.xctest; sourceTree = BUILT_PRODUCTS_DIR; };
		64FCBB15190D3B6F00880157 /* XCTest.framework */ = {isa = PBXFileReference; lastKnownFileType = wrapper.framework; name = XCTest.framework; path = Library/Frameworks/XCTest.framework; sourceTree = DEVELOPER_DIR; };
		64FCBB1D190D3B6F00880157 /* ToDoListTests-Info.plist */ = {isa = PBXFileReference; lastKnownFileType = text.plist.xml; path = "ToDoListTests-Info.plist"; sourceTree = "<group>"; };
		64FCBB1F190D3B6F00880157 /* en */ = {isa = PBXFileReference; lastKnownFileType = text.plist.strings; name = en; path = en.lproj/InfoPlist.strings; sourceTree = "<group>"; };
		64FCBB21190D3B6F00880157 /* ToDoListTests.m */ = {isa = PBXFileReference; lastKnownFileType = sourcecode.c.objc; path = ToDoListTests.m; sourceTree = "<group>"; };
/* End PBXFileReference section */

/* Begin PBXFrameworksBuildPhase section */
		64FCBAF6190D3B6D00880157 /* Frameworks */ = {
			isa = PBXFrameworksBuildPhase;
			buildActionMask = 2147483647;
			files = (
				64FCBAFF190D3B6E00880157 /* CoreGraphics.framework in Frameworks */,
				64FCBB01190D3B6E00880157 /* UIKit.framework in Frameworks */,
				64FCBAFD190D3B6E00880157 /* Foundation.framework in Frameworks */,
			);
			runOnlyForDeploymentPostprocessing = 0;
		};
		64FCBB11190D3B6F00880157 /* Frameworks */ = {
			isa = PBXFrameworksBuildPhase;
			buildActionMask = 2147483647;
			files = (
				64FCBB16190D3B6F00880157 /* XCTest.framework in Frameworks */,
				64FCBB18190D3B6F00880157 /* UIKit.framework in Frameworks */,
				64FCBB17190D3B6F00880157 /* Foundation.framework in Frameworks */,
			);
			runOnlyForDeploymentPostprocessing = 0;
		};
/* End PBXFrameworksBuildPhase section */

/* Begin PBXGroup section */
		64FCBAF0190D3B6D00880157 = {
			isa = PBXGroup;
			children = (
				64FCBB02190D3B6E00880157 /* ToDoList */,
				64FCBB1B190D3B6F00880157 /* ToDoListTests */,
				64FCBAFB190D3B6E00880157 /* Frameworks */,
				64FCBAFA190D3B6E00880157 /* Products */,
			);
			sourceTree = "<group>";
		};
		64FCBAFA190D3B6E00880157 /* Products */ = {
			isa = PBXGroup;
			children = (
				64FCBAF9190D3B6E00880157 /* ToDoList.app */,
				64FCBB14190D3B6F00880157 /* ToDoListTests.xctest */,
			);
			name = Products;
			sourceTree = "<group>";
		};
		64FCBAFB190D3B6E00880157 /* Frameworks */ = {
			isa = PBXGroup;
			children = (
				64FCBAFC190D3B6E00880157 /* Foundation.framework */,
				64FCBAFE190D3B6E00880157 /* CoreGraphics.framework */,
				64FCBB00190D3B6E00880157 /* UIKit.framework */,
				64FCBB15190D3B6F00880157 /* XCTest.framework */,
			);
			name = Frameworks;
			sourceTree = "<group>";
		};
		64FCBB02190D3B6E00880157 /* ToDoList */ = {
			isa = PBXGroup;
			children = (
				64FCBB0B190D3B6E00880157 /* AppDelegate.h */,
				64FCBB0C190D3B6E00880157 /* AppDelegate.m */,
				64FCBB0E190D3B6E00880157 /* Images.xcassets */,
				64FCBB03190D3B6E00880157 /* Supporting Files */,
			);
			path = ToDoList;
			sourceTree = "<group>";
		};
		64FCBB03190D3B6E00880157 /* Supporting Files */ = {
			isa = PBXGroup;
			children = (
				64FCBB04190D3B6E00880157 /* ToDoList-Info.plist */,
				64FCBB05190D3B6E00880157 /* InfoPlist.strings */,
				64FCBB08190D3B6E00880157 /* main.m */,
				64FCBB0A190D3B6E00880157 /* ToDoList-Prefix.pch */,
			);
			name = "Supporting Files";
			sourceTree = "<group>";
		};
		64FCBB1B190D3B6F00880157 /* ToDoListTests */ = {
			isa = PBXGroup;
			children = (
				64FCBB21190D3B6F00880157 /* ToDoListTests.m */,
				64FCBB1C190D3B6F00880157 /* Supporting Files */,
			);
			path = ToDoListTests;
			sourceTree = "<group>";
		};
		64FCBB1C190D3B6F00880157 /* Supporting Files */ = {
			isa = PBXGroup;
			children = (
				64FCBB1D190D3B6F00880157 /* ToDoListTests-Info.plist */,
				64FCBB1E190D3B6F00880157 /* InfoPlist.strings */,
			);
			name = "Supporting Files";
			sourceTree = "<group>";
		};
/* End PBXGroup section */

/* Begin PBXNativeTarget section */
		64FCBAF8190D3B6D00880157 /* ToDoList */ = {
			isa = PBXNativeTarget;
			buildConfigurationList = 64FCBB25190D3B6F00880157 /* Build configuration list for PBXNativeTarget "ToDoList" */;
			buildPhases = (
				64FCBAF5190D3B6D00880157 /* Sources */,
				64FCBAF6190D3B6D00880157 /* Frameworks */,
				64FCBAF7190D3B6D00880157 /* Resources */,
			);
			buildRules = (
			);
			dependencies = (
			);
			name = ToDoList;
			productName = ToDoList;
			productReference = 64FCBAF9190D3B6E00880157 /* ToDoList.app */;
			productType = "com.apple.product-type.application";
		};
		64FCBB13190D3B6F00880157 /* ToDoListTests */ = {
			isa = PBXNativeTarget;
			buildConfigurationList = 64FCBB28190D3B6F00880157 /* Build configuration list for PBXNativeTarget "ToDoListTests" */;
			buildPhases = (
				64FCBB10190D3B6F00880157 /* Sources */,
				64FCBB11190D3B6F00880157 /* Frameworks */,
				64FCBB12190D3B6F00880157 /* Resources */,
			);
			buildRules = (
			);
			dependencies = (
				64FCBB1A190D3B6F00880157 /* PBXTargetDependency */,
			);
			name = ToDoListTests;
			productName = ToDoListTests;
			productReference = 64FCBB14190D3B6F00880157 /* ToDoListTests.xctest */;
			productType = "com.apple.product-type.bundle.unit-test";
		};
/* End PBXNativeTarget section */

/* Begin PBXProject section */
		64FCBAF1190D3B6D00880157 /* Project object */ = {
			isa = PBXProject;
			attributes = {
				LastUpgradeCheck = 0510;
				ORGANIZATIONNAME = "Samuel Teeter";
				TargetAttributes = {
					64FCBB13190D3B6F00880157 = {
						TestTargetID = 64FCBAF8190D3B6D00880157;
					};
				};
			};
			buildConfigurationList = 64FCBAF4190D3B6D00880157 /* Build configuration list for PBXProject "ToDoList" */;
			compatibilityVersion = "Xcode 3.2";
			developmentRegion = English;
			hasScannedForEncodings = 0;
			knownRegions = (
				en,
			);
			mainGroup = 64FCBAF0190D3B6D00880157;
			productRefGroup = 64FCBAFA190D3B6E00880157 /* Products */;
			projectDirPath = "";
			projectRoot = "";
			targets = (
				64FCBAF8190D3B6D00880157 /* ToDoList */,
				64FCBB13190D3B6F00880157 /* ToDoListTests */,
			);
		};
/* End PBXProject section */

/* Begin PBXResourcesBuildPhase section */
		64FCBAF7190D3B6D00880157 /* Resources */ = {
			isa = PBXResourcesBuildPhase;
			buildActionMask = 2147483647;
			files = (
				64FCBB07190D3B6E00880157 /* InfoPlist.strings in Resources */,
				64FCBB0F190D3B6E00880157 /* Images.xcassets in Resources */,
			);
			runOnlyForDeploymentPostprocessing = 0;
		};
		64FCBB12190D3B6F00880157 /* Resources */ = {
			isa = PBXResourcesBuildPhase;
			buildActionMask = 2147483647;
			files = (
				64FCBB20190D3B6F00880157 /* InfoPlist.strings in Resources */,
			);
			runOnlyForDeploymentPostprocessing = 0;
		};
/* End PBXResourcesBuildPhase section */

/* Begin PBXSourcesBuildPhase section */
		64FCBAF5190D3B6D00880157 /* Sources */ = {
			isa = PBXSourcesBuildPhase;
			buildActionMask = 2147483647;
			files = (
				64FCBB0D190D3B6E00880157 /* AppDelegate.m in Sources */,
				64FCBB09190D3B6E00880157 /* main.m in Sources */,
			);
			runOnlyForDeploymentPostprocessing = 0;
		};
		64FCBB10190D3B6F00880157 /* Sources */ = {
			isa = PBXSourcesBuildPhase;
			buildActionMask = 2147483647;
			files = (
				64FCBB22190D3B6F00880157 /* ToDoListTests.m in Sources */,
			);
			runOnlyForDeploymentPostprocessing = 0;
		};
/* End PBXSourcesBuildPhase section */

/* Begin PBXTargetDependency section */
		64FCBB1A190D3B6F00880157 /* PBXTargetDependency */ = {
			isa = PBXTargetDependency;
			target = 64FCBAF8190D3B6D00880157 /* ToDoList */;
			targetProxy = 64FCBB19190D3B6F00880157 /* PBXContainerItemProxy */;
		};
/* End PBXTargetDependency section */

/* Begin PBXVariantGroup section */
		64FCBB05190D3B6E00880157 /* InfoPlist.strings */ = {
			isa = PBXVariantGroup;
			children = (
				64FCBB06190D3B6E00880157 /* en */,
			);
			name = InfoPlist.strings;
			sourceTree = "<group>";
		};
		64FCBB1E190D3B6F00880157 /* InfoPlist.strings */ = {
			isa = PBXVariantGroup;
			children = (
				64FCBB1F190D3B6F00880157 /* en */,
			);
			name = InfoPlist.strings;
			sourceTree = "<group>";
		};
/* End PBXVariantGroup section */

/* Begin XCBuildConfiguration section */
		64FCBB23190D3B6F00880157 /* Debug */ = {
			isa = XCBuildConfiguration;
			buildSettings = {
				ALWAYS_SEARCH_USER_PATHS = NO;
				CLANG_CXX_LANGUAGE_STANDARD = "gnu++0x";
				CLANG_CXX_LIBRARY = "libc++";
				CLANG_ENABLE_MODULES = YES;
				CLANG_ENABLE_OBJC_ARC = YES;
				CLANG_WARN_BOOL_CONVERSION = YES;
				CLANG_WARN_CONSTANT_CONVERSION = YES;
				CLANG_WARN_DIRECT_OBJC_ISA_USAGE = YES_ERROR;
				CLANG_WARN_EMPTY_BODY = YES;
				CLANG_WARN_ENUM_CONVERSION = YES;
				CLANG_WARN_INT_CONVERSION = YES;
				CLANG_WARN_OBJC_ROOT_CLASS = YES_ERROR;
				CLANG_WARN__DUPLICATE_METHOD_MATCH = YES;
				"CODE_SIGN_IDENTITY[sdk=iphoneos*]" = "iPhone Developer";
				COPY_PHASE_STRIP = NO;
				GCC_C_LANGUAGE_STANDARD = gnu99;
				GCC_DYNAMIC_NO_PIC = NO;
				GCC_OPTIMIZATION_LEVEL = 0;
				GCC_PREPROCESSOR_DEFINITIONS = (
					"DEBUG=1",
					"$(inherited)",
				);
				GCC_SYMBOLS_PRIVATE_EXTERN = NO;
				GCC_WARN_64_TO_32_BIT_CONVERSION = YES;
				GCC_WARN_ABOUT_RETURN_TYPE = YES_ERROR;
				GCC_WARN_UNDECLARED_SELECTOR = YES;
				GCC_WARN_UNINITIALIZED_AUTOS = YES_AGGRESSIVE;
				GCC_WARN_UNUSED_FUNCTION = YES;
				GCC_WARN_UNUSED_VARIABLE = YES;
				IPHONEOS_DEPLOYMENT_TARGET = 7.1;
				ONLY_ACTIVE_ARCH = YES;
				SDKROOT = iphoneos;
			};
			name = Debug;
		};
		64FCBB24190D3B6F00880157 /* Release */ = {
			isa = XCBuildConfiguration;
			buildSettings = {
				ALWAYS_SEARCH_USER_PATHS = NO;
				CLANG_CXX_LANGUAGE_STANDARD = "gnu++0x";
				CLANG_CXX_LIBRARY = "libc++";
				CLANG_ENABLE_MODULES = YES;
				CLANG_ENABLE_OBJC_ARC = YES;
				CLANG_WARN_BOOL_CONVERSION = YES;
				CLANG_WARN_CONSTANT_CONVERSION = YES;
				CLANG_WARN_DIRECT_OBJC_ISA_USAGE = YES_ERROR;
				CLANG_WARN_EMPTY_BODY = YES;
				CLANG_WARN_ENUM_CONVERSION = YES;
				CLANG_WARN_INT_CONVERSION = YES;
				CLANG_WARN_OBJC_ROOT_CLASS = YES_ERROR;
				CLANG_WARN__DUPLICATE_METHOD_MATCH = YES;
				"CODE_SIGN_IDENTITY[sdk=iphoneos*]" = "iPhone Developer";
				COPY_PHASE_STRIP = YES;
				ENABLE_NS_ASSERTIONS = NO;
				GCC_C_LANGUAGE_STANDARD = gnu99;
				GCC_WARN_64_TO_32_BIT_CONVERSION = YES;
				GCC_WARN_ABOUT_RETURN_TYPE = YES_ERROR;
				GCC_WARN_UNDECLARED_SELECTOR = YES;
				GCC_WARN_UNINITIALIZED_AUTOS = YES_AGGRESSIVE;
				GCC_WARN_UNUSED_FUNCTION = YES;
				GCC_WARN_UNUSED_VARIABLE = YES;
				IPHONEOS_DEPLOYMENT_TARGET = 7.1;
				SDKROOT = iphoneos;
				VALIDATE_PRODUCT = YES;
			};
			name = Release;
		};
		64FCBB26190D3B6F00880157 /* Debug */ = {
			isa = XCBuildConfiguration;
			buildSettings = {
				ASSETCATALOG_COMPILER_APPICON_NAME = AppIcon;
				ASSETCATALOG_COMPILER_LAUNCHIMAGE_NAME = LaunchImage;
				GCC_PRECOMPILE_PREFIX_HEADER = YES;
				GCC_PREFIX_HEADER = "ToDoList/ToDoList-Prefix.pch";
				INFOPLIST_FILE = "ToDoList/ToDoList-Info.plist";
				PRODUCT_NAME = "$(TARGET_NAME)";
				WRAPPER_EXTENSION = app;
			};
			name = Debug;
		};
		64FCBB27190D3B6F00880157 /* Release */ = {
			isa = XCBuildConfiguration;
			buildSettings = {
				ASSETCATALOG_COMPILER_APPICON_NAME = AppIcon;
				ASSETCATALOG_COMPILER_LAUNCHIMAGE_NAME = LaunchImage;
				GCC_PRECOMPILE_PREFIX_HEADER = YES;
				GCC_PREFIX_HEADER = "ToDoList/ToDoList-Prefix.pch";
				INFOPLIST_FILE = "ToDoList/ToDoList-Info.plist";
				PRODUCT_NAME = "$(TARGET_NAME)";
				WRAPPER_EXTENSION = app;
			};
			name = Release;
		};
		64FCBB29190D3B6F00880157 /* Debug */ = {
			isa = XCBuildConfiguration;
			buildSettings = {
				BUNDLE_LOADER = "$(BUILT_PRODUCTS_DIR)/ToDoList.app/ToDoList";
				FRAMEWORK_SEARCH_PATHS = (
					"$(SDKROOT)/Developer/Library/Frameworks",
					"$(inherited)",
					"$(DEVELOPER_FRAMEWORKS_DIR)",
				);
				GCC_PRECOMPILE_PREFIX_HEADER = YES;
				GCC_PREFIX_HEADER = "ToDoList/ToDoList-Prefix.pch";
				GCC_PREPROCESSOR_DEFINITIONS = (
					"DEBUG=1",
					"$(inherited)",
				);
				INFOPLIST_FILE = "ToDoListTests/ToDoListTests-Info.plist";
				PRODUCT_NAME = "$(TARGET_NAME)";
				TEST_HOST = "$(BUNDLE_LOADER)";
				WRAPPER_EXTENSION = xctest;
			};
			name = Debug;
		};
		64FCBB2A190D3B6F00880157 /* Release */ = {
			isa = XCBuildConfiguration;
			buildSettings = {
				BUNDLE_LOADER = "$(BUILT_PRODUCTS_DIR)/ToDoList.app/ToDoList";
				FRAMEWORK_SEARCH_PATHS = (
					"$(SDKROOT)/Developer/Library/Frameworks",
					"$(inherited)",
					"$(DEVELOPER_FRAMEWORKS_DIR)",
				);
				GCC_PRECOMPILE_PREFIX_HEADER = YES;
				GCC_PREFIX_HEADER = "ToDoList/ToDoList-Prefix.pch";
				INFOPLIST_FILE = "ToDoListTests/ToDoListTests-Info.plist";
				PRODUCT_NAME = "$(TARGET_NAME)";
				TEST_HOST = "$(BUNDLE_LOADER)";
				WRAPPER_EXTENSION = xctest;
			};
			name = Release;
		};
/* End XCBuildConfiguration section */

/* Begin XCConfigurationList section */
		64FCBAF4190D3B6D00880157 /* Build configuration list for PBXProject "ToDoList" */ = {
			isa = XCConfigurationList;
			buildConfigurations = (
				64FCBB23190D3B6F00880157 /* Debug */,
				64FCBB24190D3B6F00880157 /* Release */,
			);
			defaultConfigurationIsVisible = 0;
			defaultConfigurationName = Release;
		};
		64FCBB25190D3B6F00880157 /* Build configuration list for PBXNativeTarget "ToDoList" */ = {
			isa = XCConfigurationList;
			buildConfigurations = (
				64FCBB26190D3B6F00880157 /* Debug */,
				64FCBB27190D3B6F00880157 /* Release */,
			);
			defaultConfigurationIsVisible = 0;
		};
		64FCBB28190D3B6F00880157 /* Build configuration list for PBXNativeTarget "ToDoListTests" */ = {
			isa = XCConfigurationList;
			buildConfigurations = (
				64FCBB29190D3B6F00880157 /* Debug */,
				64FCBB2A190D3B6F00880157 /* Release */,
			);
			defaultConfigurationIsVisible = 0;
		};
/* End XCConfigurationList section */
	};
	rootObject = 64FCBAF1190D3B6D00880157 /* Project object */;
}
